
Microsoft Visual Studio Solution File, Format Version 12.00
# Visual Studio Version 16
VisualStudioVersion = 16.0.31624.102
MinimumVisualStudioVersion = 10.0.40219.1
Project("{FAE04EC0-301F-11D3-BF4B-00C04F79EFBC}") = "tictactoe", "tictactoe\tictactoe.csproj", "{857BF719-CDCD-4010-83EE-35E302E0C55A}"
EndProject
Global
	GlobalSection(SolutionConfigurationPlatforms) = preSolution
		Debug|Any CPU = Debug|Any CPU
		Release|Any CPU = Release|Any CPU
	EndGlobalSection
	GlobalSection(ProjectConfigurationPlatforms) = postSolution
		{857BF719-CDCD-4010-83EE-35E302E0C55A}.Debug|Any CPU.ActiveCfg = Debug|Any CPU
		{857BF719-CDCD-4010-83EE-35E302E0C55A}.Debug|Any CPU.Build.0 = Debug|Any CPU
		{857BF719-CDCD-4010-83EE-35E302E0C55A}.Release|Any CPU.ActiveCfg = Release|Any CPU
		{857BF719-CDCD-4010-83EE-35E302E0C55A}.Release|Any CPU.Build.0 = Release|Any CPU
	EndGlobalSection
	GlobalSection(SolutionProperties) = preSolution
		HideSolutionNode = FALSE
	EndGlobalSection
	GlobalSection(ExtensibilityGlobals) = postSolution
		SolutionGuid = {5731F4E0-EA61-440D-9DFB-02FBA7190C3E}
	EndGlobalSection
EndGlobal
